
Microsoft Visual Studio Solution File, Format Version 12.00
# Visual Studio Version 17
VisualStudioVersion = 17.0.31903.59
MinimumVisualStudioVersion = 10.0.40219.1
Project("{9A19103F-16F7-4668-BE54-9A1E7A4F7556}") = "Api1", "Api1\Api1.csproj", "{B82BAEFA-A2C7-435A-9AE5-68DC90EB80A2}"
EndProject
Project("{9A19103F-16F7-4668-BE54-9A1E7A4F7556}") = "Api1Test", "Api1Test\Api1Test.csproj", "{862F722F-E218-429D-9876-E025CDD99436}"
EndProject
Project("{2150E333-8FDC-42A3-9474-1A3956D46DE8}") = "Solution Items", "Solution Items", "{92AE514A-7D06-4A22-9620-ADE380690BE8}"
	ProjectSection(SolutionItems) = preProject
		.gitattributes = .gitattributes
		.gitignore = .gitignore
		.github\workflows\build.yml = .github\workflows\build.yml
		LICENSE.txt = LICENSE.txt
		README.md = README.md
	EndProjectSection
EndProject
Project("{FAE04EC0-301F-11D3-BF4B-00C04F79EFBC}") = "Lib1", "Lib1\Lib1.csproj", "{DAC33253-740A-4A4A-9576-8601CB0F7D2C}"
EndProject
Project("{FAE04EC0-301F-11D3-BF4B-00C04F79EFBC}") = "Lib1Test", "Lib1Test\Lib1Test.csproj", "{5E515D4E-9CEE-4E4A-A493-B4AFF96BF3F3}"
EndProject
Global
	GlobalSection(SolutionConfigurationPlatforms) = preSolution
		Debug|Any CPU = Debug|Any CPU
		Release|Any CPU = Release|Any CPU
	EndGlobalSection
	GlobalSection(ProjectConfigurationPlatforms) = postSolution
		{B82BAEFA-A2C7-435A-9AE5-68DC90EB80A2}.Debug|Any CPU.ActiveCfg = Debug|Any CPU
		{B82BAEFA-A2C7-435A-9AE5-68DC90EB80A2}.Debug|Any CPU.Build.0 = Debug|Any CPU
		{B82BAEFA-A2C7-435A-9AE5-68DC90EB80A2}.Release|Any CPU.ActiveCfg = Release|Any CPU
		{B82BAEFA-A2C7-435A-9AE5-68DC90EB80A2}.Release|Any CPU.Build.0 = Release|Any CPU
		{862F722F-E218-429D-9876-E025CDD99436}.Debug|Any CPU.ActiveCfg = Debug|Any CPU
		{862F722F-E218-429D-9876-E025CDD99436}.Debug|Any CPU.Build.0 = Debug|Any CPU
		{862F722F-E218-429D-9876-E025CDD99436}.Release|Any CPU.ActiveCfg = Release|Any CPU
		{862F722F-E218-429D-9876-E025CDD99436}.Release|Any CPU.Build.0 = Release|Any CPU
		{DAC33253-740A-4A4A-9576-8601CB0F7D2C}.Debug|Any CPU.ActiveCfg = Debug|Any CPU
		{DAC33253-740A-4A4A-9576-8601CB0F7D2C}.Debug|Any CPU.Build.0 = Debug|Any CPU
		{DAC33253-740A-4A4A-9576-8601CB0F7D2C}.Release|Any CPU.ActiveCfg = Release|Any CPU
		{DAC33253-740A-4A4A-9576-8601CB0F7D2C}.Release|Any CPU.Build.0 = Release|Any CPU
		{5E515D4E-9CEE-4E4A-A493-B4AFF96BF3F3}.Debug|Any CPU.ActiveCfg = Debug|Any CPU
		{5E515D4E-9CEE-4E4A-A493-B4AFF96BF3F3}.Debug|Any CPU.Build.0 = Debug|Any CPU
		{5E515D4E-9CEE-4E4A-A493-B4AFF96BF3F3}.Release|Any CPU.ActiveCfg = Release|Any CPU
		{5E515D4E-9CEE-4E4A-A493-B4AFF96BF3F3}.Release|Any CPU.Build.0 = Release|Any CPU
	EndGlobalSection
	GlobalSection(SolutionProperties) = preSolution
		HideSolutionNode = FALSE
	EndGlobalSection
	GlobalSection(ExtensibilityGlobals) = postSolution
		SolutionGuid = {083B84EC-99DC-40B4-896D-1AF81A454623}
	EndGlobalSection
EndGlobal
